// !$*UTF8*$!
{
	archiveVersion = 1;
	classes = {
	};
	objectVersion = 50;
	objects = {

/* Begin PBXBuildFile section */
		F59A7B0D228F0B2E0028898C /* AppDelegate.swift in Sources */ = {isa = PBXBuildFile; fileRef = F59A7B0C228F0B2E0028898C /* AppDelegate.swift */; };
		F59A7B12228F0B2E0028898C /* Main.storyboard in Resources */ = {isa = PBXBuildFile; fileRef = F59A7B10228F0B2E0028898C /* Main.storyboard */; };
		F59A7B14228F0B300028898C /* Assets.xcassets in Resources */ = {isa = PBXBuildFile; fileRef = F59A7B13228F0B300028898C /* Assets.xcassets */; };
		F59A7B17228F0B300028898C /* LaunchScreen.storyboard in Resources */ = {isa = PBXBuildFile; fileRef = F59A7B15228F0B300028898C /* LaunchScreen.storyboard */; };
		F59A7B2222924EEC0028898C /* MovieItems.swift in Sources */ = {isa = PBXBuildFile; fileRef = F59A7B2122924EEC0028898C /* MovieItems.swift */; };
		F59A7B242292516F0028898C /* MovieFinderTableViewController.swift in Sources */ = {isa = PBXBuildFile; fileRef = F59A7B232292516F0028898C /* MovieFinderTableViewController.swift */; };
		F59A7B26229251CA0028898C /* MovieSelectedViewController.swift in Sources */ = {isa = PBXBuildFile; fileRef = F59A7B25229251CA0028898C /* MovieSelectedViewController.swift */; };
		F59A7B282292EA8E0028898C /* MovieController.swift in Sources */ = {isa = PBXBuildFile; fileRef = F59A7B272292EA8E0028898C /* MovieController.swift */; };
		F59A7B2A2292EFC20028898C /* URL+Helpers.swift in Sources */ = {isa = PBXBuildFile; fileRef = F59A7B292292EFC20028898C /* URL+Helpers.swift */; };
		F59A7B2E2292F0380028898C /* MoviePhotoController.swift in Sources */ = {isa = PBXBuildFile; fileRef = F59A7B2D2292F0380028898C /* MoviePhotoController.swift */; };
/* End PBXBuildFile section */

/* Begin PBXFileReference section */
		F59A7B09228F0B2E0028898C /* ThirdChallenge.app */ = {isa = PBXFileReference; explicitFileType = wrapper.application; includeInIndex = 0; path = ThirdChallenge.app; sourceTree = BUILT_PRODUCTS_DIR; };
		F59A7B0C228F0B2E0028898C /* AppDelegate.swift */ = {isa = PBXFileReference; lastKnownFileType = sourcecode.swift; path = AppDelegate.swift; sourceTree = "<group>"; };
		F59A7B11228F0B2E0028898C /* Base */ = {isa = PBXFileReference; lastKnownFileType = file.storyboard; name = Base; path = Base.lproj/Main.storyboard; sourceTree = "<group>"; };
		F59A7B13228F0B300028898C /* Assets.xcassets */ = {isa = PBXFileReference; lastKnownFileType = folder.assetcatalog; path = Assets.xcassets; sourceTree = "<group>"; };
		F59A7B16228F0B300028898C /* Base */ = {isa = PBXFileReference; lastKnownFileType = file.storyboard; name = Base; path = Base.lproj/LaunchScreen.storyboard; sourceTree = "<group>"; };
		F59A7B18228F0B300028898C /* Info.plist */ = {isa = PBXFileReference; lastKnownFileType = text.plist.xml; path = Info.plist; sourceTree = "<group>"; };
		F59A7B2122924EEC0028898C /* MovieItems.swift */ = {isa = PBXFileReference; lastKnownFileType = sourcecode.swift; path = MovieItems.swift; sourceTree = "<group>"; };
		F59A7B232292516F0028898C /* MovieFinderTableViewController.swift */ = {isa = PBXFileReference; lastKnownFileType = sourcecode.swift; path = MovieFinderTableViewController.swift; sourceTree = "<group>"; };
		F59A7B25229251CA0028898C /* MovieSelectedViewController.swift */ = {isa = PBXFileReference; lastKnownFileType = sourcecode.swift; path = MovieSelectedViewController.swift; sourceTree = "<group>"; };
		F59A7B272292EA8E0028898C /* MovieController.swift */ = {isa = PBXFileReference; lastKnownFileType = sourcecode.swift; path = MovieController.swift; sourceTree = "<group>"; };
		F59A7B292292EFC20028898C /* URL+Helpers.swift */ = {isa = PBXFileReference; lastKnownFileType = sourcecode.swift; path = "URL+Helpers.swift"; sourceTree = "<group>"; };
		F59A7B2D2292F0380028898C /* MoviePhotoController.swift */ = {isa = PBXFileReference; lastKnownFileType = sourcecode.swift; path = MoviePhotoController.swift; sourceTree = "<group>"; };
/* End PBXFileReference section */

/* Begin PBXFrameworksBuildPhase section */
		F59A7B06228F0B2E0028898C /* Frameworks */ = {
			isa = PBXFrameworksBuildPhase;
			buildActionMask = 2147483647;
			files = (
			);
			runOnlyForDeploymentPostprocessing = 0;
		};
/* End PBXFrameworksBuildPhase section */

/* Begin PBXGroup section */
		F59A7B00228F0B2D0028898C = {
			isa = PBXGroup;
			children = (
				F59A7B0B228F0B2E0028898C /* ThirdChallenge */,
				F59A7B0A228F0B2E0028898C /* Products */,
			);
			sourceTree = "<group>";
		};
		F59A7B0A228F0B2E0028898C /* Products */ = {
			isa = PBXGroup;
			children = (
				F59A7B09228F0B2E0028898C /* ThirdChallenge.app */,
			);
			name = Products;
			sourceTree = "<group>";
		};
		F59A7B0B228F0B2E0028898C /* ThirdChallenge */ = {
			isa = PBXGroup;
			children = (
				F59A7B20228F12680028898C /* View */,
				F59A7B1F228F12650028898C /* Controller */,
				F59A7B1E228F12600028898C /* Model */,
				F59A7B13228F0B300028898C /* Assets.xcassets */,
				F59A7B18228F0B300028898C /* Info.plist */,
			);
			path = ThirdChallenge;
			sourceTree = "<group>";
		};
		F59A7B1E228F12600028898C /* Model */ = {
			isa = PBXGroup;
			children = (
				F59A7B2122924EEC0028898C /* MovieItems.swift */,
				F59A7B272292EA8E0028898C /* MovieController.swift */,
				F59A7B292292EFC20028898C /* URL+Helpers.swift */,
				F59A7B2D2292F0380028898C /* MoviePhotoController.swift */,
				F59A7B0C228F0B2E0028898C /* AppDelegate.swift */,
			);
			path = Model;
			sourceTree = "<group>";
		};
		F59A7B1F228F12650028898C /* Controller */ = {
			isa = PBXGroup;
			children = (
				F59A7B232292516F0028898C /* MovieFinderTableViewController.swift */,
				F59A7B25229251CA0028898C /* MovieSelectedViewController.swift */,
			);
			path = Controller;
			sourceTree = "<group>";
		};
		F59A7B20228F12680028898C /* View */ = {
			isa = PBXGroup;
			children = (
				F59A7B15228F0B300028898C /* LaunchScreen.storyboard */,
				F59A7B10228F0B2E0028898C /* Main.storyboard */,
			);
			path = View;
			sourceTree = "<group>";
		};
/* End PBXGroup section */

/* Begin PBXNativeTarget section */
		F59A7B08228F0B2E0028898C /* ThirdChallenge */ = {
			isa = PBXNativeTarget;
			buildConfigurationList = F59A7B1B228F0B300028898C /* Build configuration list for PBXNativeTarget "ThirdChallenge" */;
			buildPhases = (
				F59A7B05228F0B2E0028898C /* Sources */,
				F59A7B06228F0B2E0028898C /* Frameworks */,
				F59A7B07228F0B2E0028898C /* Resources */,
			);
			buildRules = (
			);
			dependencies = (
			);
			name = ThirdChallenge;
			productName = ThirdChallenge;
			productReference = F59A7B09228F0B2E0028898C /* ThirdChallenge.app */;
			productType = "com.apple.product-type.application";
		};
/* End PBXNativeTarget section */

/* Begin PBXProject section */
		F59A7B01228F0B2D0028898C /* Project object */ = {
			isa = PBXProject;
			attributes = {
				LastSwiftUpdateCheck = 1020;
				LastUpgradeCheck = 1020;
				ORGANIZATIONNAME = "Dallin Smuin";
				TargetAttributes = {
					F59A7B08228F0B2E0028898C = {
						CreatedOnToolsVersion = 10.2.1;
					};
				};
			};
			buildConfigurationList = F59A7B04228F0B2D0028898C /* Build configuration list for PBXProject "ThirdChallenge" */;
			compatibilityVersion = "Xcode 9.3";
			developmentRegion = en;
			hasScannedForEncodings = 0;
			knownRegions = (
				en,
				Base,
			);
			mainGroup = F59A7B00228F0B2D0028898C;
			productRefGroup = F59A7B0A228F0B2E0028898C /* Products */;
			projectDirPath = "";
			projectRoot = "";
			targets = (
				F59A7B08228F0B2E0028898C /* ThirdChallenge */,
			);
		};
/* End PBXProject section */

/* Begin PBXResourcesBuildPhase section */
		F59A7B07228F0B2E0028898C /* Resources */ = {
			isa = PBXResourcesBuildPhase;
			buildActionMask = 2147483647;
			files = (
				F59A7B17228F0B300028898C /* LaunchScreen.storyboard in Resources */,
				F59A7B14228F0B300028898C /* Assets.xcassets in Resources */,
				F59A7B12228F0B2E0028898C /* Main.storyboard in Resources */,
			);
			runOnlyForDeploymentPostprocessing = 0;
		};
/* End PBXResourcesBuildPhase section */

/* Begin PBXSourcesBuildPhase section */
		F59A7B05228F0B2E0028898C /* Sources */ = {
			isa = PBXSourcesBuildPhase;
			buildActionMask = 2147483647;
			files = (
				F59A7B26229251CA0028898C /* MovieSelectedViewController.swift in Sources */,
				F59A7B2A2292EFC20028898C /* URL+Helpers.swift in Sources */,
				F59A7B282292EA8E0028898C /* MovieController.swift in Sources */,
				F59A7B242292516F0028898C /* MovieFinderTableViewController.swift in Sources */,
				F59A7B0D228F0B2E0028898C /* AppDelegate.swift in Sources */,
				F59A7B2E2292F0380028898C /* MoviePhotoController.swift in Sources */,
				F59A7B2222924EEC0028898C /* MovieItems.swift in Sources */,
			);
			runOnlyForDeploymentPostprocessing = 0;
		};
/* End PBXSourcesBuildPhase section */

/* Begin PBXVariantGroup section */
		F59A7B10228F0B2E0028898C /* Main.storyboard */ = {
			isa = PBXVariantGroup;
			children = (
				F59A7B11228F0B2E0028898C /* Base */,
			);
			name = Main.storyboard;
			sourceTree = "<group>";
		};
		F59A7B15228F0B300028898C /* LaunchScreen.storyboard */ = {
			isa = PBXVariantGroup;
			children = (
				F59A7B16228F0B300028898C /* Base */,
			);
			name = LaunchScreen.storyboard;
			sourceTree = "<group>";
		};
/* End PBXVariantGroup section */

/* Begin XCBuildConfiguration section */
		F59A7B19228F0B300028898C /* Debug */ = {
			isa = XCBuildConfiguration;
			buildSettings = {
				ALWAYS_SEARCH_USER_PATHS = NO;
				CLANG_ANALYZER_NONNULL = YES;
				CLANG_ANALYZER_NUMBER_OBJECT_CONVERSION = YES_AGGRESSIVE;
				CLANG_CXX_LANGUAGE_STANDARD = "gnu++14";
				CLANG_CXX_LIBRARY = "libc++";
				CLANG_ENABLE_MODULES = YES;
				CLANG_ENABLE_OBJC_ARC = YES;
				CLANG_ENABLE_OBJC_WEAK = YES;
				CLANG_WARN_BLOCK_CAPTURE_AUTORELEASING = YES;
				CLANG_WARN_BOOL_CONVERSION = YES;
				CLANG_WARN_COMMA = YES;
				CLANG_WARN_CONSTANT_CONVERSION = YES;
				CLANG_WARN_DEPRECATED_OBJC_IMPLEMENTATIONS = YES;
				CLANG_WARN_DIRECT_OBJC_ISA_USAGE = YES_ERROR;
				CLANG_WARN_DOCUMENTATION_COMMENTS = YES;
				CLANG_WARN_EMPTY_BODY = YES;
				CLANG_WARN_ENUM_CONVERSION = YES;
				CLANG_WARN_INFINITE_RECURSION = YES;
				CLANG_WARN_INT_CONVERSION = YES;
				CLANG_WARN_NON_LITERAL_NULL_CONVERSION = YES;
				CLANG_WARN_OBJC_IMPLICIT_RETAIN_SELF = YES;
				CLANG_WARN_OBJC_LITERAL_CONVERSION = YES;
				CLANG_WARN_OBJC_ROOT_CLASS = YES_ERROR;
				CLANG_WARN_RANGE_LOOP_ANALYSIS = YES;
				CLANG_WARN_STRICT_PROTOTYPES = YES;
				CLANG_WARN_SUSPICIOUS_MOVE = YES;
				CLANG_WARN_UNGUARDED_AVAILABILITY = YES_AGGRESSIVE;
				CLANG_WARN_UNREACHABLE_CODE = YES;
				CLANG_WARN__DUPLICATE_METHOD_MATCH = YES;
				CODE_SIGN_IDENTITY = "iPhone Developer";
				COPY_PHASE_STRIP = NO;
				DEBUG_INFORMATION_FORMAT = dwarf;
				ENABLE_STRICT_OBJC_MSGSEND = YES;
				ENABLE_TESTABILITY = YES;
				GCC_C_LANGUAGE_STANDARD = gnu11;
				GCC_DYNAMIC_NO_PIC = NO;
				GCC_NO_COMMON_BLOCKS = YES;
				GCC_OPTIMIZATION_LEVEL = 0;
				GCC_PREPROCESSOR_DEFINITIONS = (
					"DEBUG=1",
					"$(inherited)",
				);
				GCC_WARN_64_TO_32_BIT_CONVERSION = YES;
				GCC_WARN_ABOUT_RETURN_TYPE = YES_ERROR;
				GCC_WARN_UNDECLARED_SELECTOR = YES;
				GCC_WARN_UNINITIALIZED_AUTOS = YES_AGGRESSIVE;
				GCC_WARN_UNUSED_FUNCTION = YES;
				GCC_WARN_UNUSED_VARIABLE = YES;
				IPHONEOS_DEPLOYMENT_TARGET = 12.2;
				MTL_ENABLE_DEBUG_INFO = INCLUDE_SOURCE;
				MTL_FAST_MATH = YES;
				ONLY_ACTIVE_ARCH = YES;
				SDKROOT = iphoneos;
				SWIFT_ACTIVE_COMPILATION_CONDITIONS = DEBUG;
				SWIFT_OPTIMIZATION_LEVEL = "-Onone";
			};
			name = Debug;
		};
		F59A7B1A228F0B300028898C /* Release */ = {
			isa = XCBuildConfiguration;
			buildSettings = {
				ALWAYS_SEARCH_USER_PATHS = NO;
				CLANG_ANALYZER_NONNULL = YES;
				CLANG_ANALYZER_NUMBER_OBJECT_CONVERSION = YES_AGGRESSIVE;
				CLANG_CXX_LANGUAGE_STANDARD = "gnu++14";
				CLANG_CXX_LIBRARY = "libc++";
				CLANG_ENABLE_MODULES = YES;
				CLANG_ENABLE_OBJC_ARC = YES;
				CLANG_ENABLE_OBJC_WEAK = YES;
				CLANG_WARN_BLOCK_CAPTURE_AUTORELEASING = YES;
				CLANG_WARN_BOOL_CONVERSION = YES;
				CLANG_WARN_COMMA = YES;
				CLANG_WARN_CONSTANT_CONVERSION = YES;
				CLANG_WARN_DEPRECATED_OBJC_IMPLEMENTATIONS = YES;
				CLANG_WARN_DIRECT_OBJC_ISA_USAGE = YES_ERROR;
				CLANG_WARN_DOCUMENTATION_COMMENTS = YES;
				CLANG_WARN_EMPTY_BODY = YES;
				CLANG_WARN_ENUM_CONVERSION = YES;
				CLANG_WARN_INFINITE_RECURSION = YES;
				CLANG_WARN_INT_CONVERSION = YES;
				CLANG_WARN_NON_LITERAL_NULL_CONVERSION = YES;
				CLANG_WARN_OBJC_IMPLICIT_RETAIN_SELF = YES;
				CLANG_WARN_OBJC_LITERAL_CONVERSION = YES;
				CLANG_WARN_OBJC_ROOT_CLASS = YES_ERROR;
				CLANG_WARN_RANGE_LOOP_ANALYSIS = YES;
				CLANG_WARN_STRICT_PROTOTYPES = YES;
				CLANG_WARN_SUSPICIOUS_MOVE = YES;
				CLANG_WARN_UNGUARDED_AVAILABILITY = YES_AGGRESSIVE;
				CLANG_WARN_UNREACHABLE_CODE = YES;
				CLANG_WARN__DUPLICATE_METHOD_MATCH = YES;
				CODE_SIGN_IDENTITY = "iPhone Developer";
				COPY_PHASE_STRIP = NO;
				DEBUG_INFORMATION_FORMAT = "dwarf-with-dsym";
				ENABLE_NS_ASSERTIONS = NO;
				ENABLE_STRICT_OBJC_MSGSEND = YES;
				GCC_C_LANGUAGE_STANDARD = gnu11;
				GCC_NO_COMMON_BLOCKS = YES;
				GCC_WARN_64_TO_32_BIT_CONVERSION = YES;
				GCC_WARN_ABOUT_RETURN_TYPE = YES_ERROR;
				GCC_WARN_UNDECLARED_SELECTOR = YES;
				GCC_WARN_UNINITIALIZED_AUTOS = YES_AGGRESSIVE;
				GCC_WARN_UNUSED_FUNCTION = YES;
				GCC_WARN_UNUSED_VARIABLE = YES;
				IPHONEOS_DEPLOYMENT_TARGET = 12.2;
				MTL_ENABLE_DEBUG_INFO = NO;
				MTL_FAST_MATH = YES;
				SDKROOT = iphoneos;
				SWIFT_COMPILATION_MODE = wholemodule;
				SWIFT_OPTIMIZATION_LEVEL = "-O";
				VALIDATE_PRODUCT = YES;
			};
			name = Release;
		};
		F59A7B1C228F0B300028898C /* Debug */ = {
			isa = XCBuildConfiguration;
			buildSettings = {
				ASSETCATALOG_COMPILER_APPICON_NAME = AppIcon;
				CODE_SIGN_STYLE = Automatic;
				INFOPLIST_FILE = ThirdChallenge/Info.plist;
				LD_RUNPATH_SEARCH_PATHS = (
					"$(inherited)",
					"@executable_path/Frameworks",
				);
				PRODUCT_BUNDLE_IDENTIFIER = demoDallin.ThirdChallenge;
				PRODUCT_NAME = "$(TARGET_NAME)";
				SWIFT_VERSION = 5.0;
				TARGETED_DEVICE_FAMILY = "1,2";
			};
			name = Debug;
		};
		F59A7B1D228F0B300028898C /* Release */ = {
			isa = XCBuildConfiguration;
			buildSettings = {
				ASSETCATALOG_COMPILER_APPICON_NAME = AppIcon;
				CODE_SIGN_STYLE = Automatic;
				INFOPLIST_FILE = ThirdChallenge/Info.plist;
				LD_RUNPATH_SEARCH_PATHS = (
					"$(inherited)",
					"@executable_path/Frameworks",
				);
				PRODUCT_BUNDLE_IDENTIFIER = demoDallin.ThirdChallenge;
				PRODUCT_NAME = "$(TARGET_NAME)";
				SWIFT_VERSION = 5.0;
				TARGETED_DEVICE_FAMILY = "1,2";
			};
			name = Release;
		};
/* End XCBuildConfiguration section */

/* Begin XCConfigurationList section */
		F59A7B04228F0B2D0028898C /* Build configuration list for PBXProject "ThirdChallenge" */ = {
			isa = XCConfigurationList;
			buildConfigurations = (
				F59A7B19228F0B300028898C /* Debug */,
				F59A7B1A228F0B300028898C /* Release */,
			);
			defaultConfigurationIsVisible = 0;
			defaultConfigurationName = Release;
		};
		F59A7B1B228F0B300028898C /* Build configuration list for PBXNativeTarget "ThirdChallenge" */ = {
			isa = XCConfigurationList;
			buildConfigurations = (
				F59A7B1C228F0B300028898C /* Debug */,
				F59A7B1D228F0B300028898C /* Release */,
			);
			defaultConfigurationIsVisible = 0;
			defaultConfigurationName = Release;
		};
/* End XCConfigurationList section */
	};
	rootObject = F59A7B01228F0B2D0028898C /* Project object */;
}
